
Microsoft Visual Studio Solution File, Format Version 12.00
Project("{FAE04EC0-301F-11D3-BF4B-00C04F79EFBC}") = "YouTrackIssuesParser", "YouTrackIssuesParser\YouTrackIssuesParser.csproj", "{ADC5F666-F121-400B-A8C1-73FB14EAC02F}"
EndProject
Global
	GlobalSection(SolutionConfigurationPlatforms) = preSolution
		Debug|Any CPU = Debug|Any CPU
		Release|Any CPU = Release|Any CPU
	EndGlobalSection
	GlobalSection(ProjectConfigurationPlatforms) = postSolution
		{ADC5F666-F121-400B-A8C1-73FB14EAC02F}.Debug|Any CPU.ActiveCfg = Debug|Any CPU
		{ADC5F666-F121-400B-A8C1-73FB14EAC02F}.Debug|Any CPU.Build.0 = Debug|Any CPU
		{ADC5F666-F121-400B-A8C1-73FB14EAC02F}.Release|Any CPU.ActiveCfg = Release|Any CPU
		{ADC5F666-F121-400B-A8C1-73FB14EAC02F}.Release|Any CPU.Build.0 = Release|Any CPU
	EndGlobalSection
EndGlobal
